// !$*UTF8*$!
{
	archiveVersion = 1;
	classes = {
	};
	objectVersion = 77;
	objects = {

/* Begin PBXBuildFile section */
		2874DB652ED71C8C0076A641 /* GameModeSelector+Interface.swift in Sources */ = {isa = PBXBuildFile; fileRef = 2874DB5A2ED71C8C0076A641 /* GameModeSelector+Interface.swift */; };
		2874DB662ED71C8C0076A641 /* InstructionManifest.swift in Sources */ = {isa = PBXBuildFile; fileRef = 2874DB622ED71C8C0076A641 /* InstructionManifest.swift */; };
		2874DB672ED71C8C0076A641 /* ArchiveRepository.swift in Sources */ = {isa = PBXBuildFile; fileRef = 2874DB532ED71C8C0076A641 /* ArchiveRepository.swift */; };
		2874DB682ED71C8C0076A641 /* GameplayOrchestrator.swift in Sources */ = {isa = PBXBuildFile; fileRef = 2874DB5B2ED71C8C0076A641 /* GameplayOrchestrator.swift */; };
		2874DB692ED71C8C0076A641 /* PanicPassDatas.swift in Sources */ = {isa = PBXBuildFile; fileRef = 2874DB562ED71C8C0076A641 /* PanicPassDatas.swift */; };
		2874DB6A2ED71C8C0076A641 /* GameModeSelector.swift in Sources */ = {isa = PBXBuildFile; fileRef = 2874DB592ED71C8C0076A641 /* GameModeSelector.swift */; };
		2874DB6B2ED71C8C0076A641 /* CustomScrollView.swift in Sources */ = {isa = PBXBuildFile; fileRef = 2874DB582ED71C8C0076A641 /* CustomScrollView.swift */; };
		2874DB6C2ED71C8C0076A641 /* GameplayOrchestrator+Interface.swift in Sources */ = {isa = PBXBuildFile; fileRef = 2874DB5C2ED71C8C0076A641 /* GameplayOrchestrator+Interface.swift */; };
		2874DB6D2ED71C8C0076A641 /* ArchiveRepository+Interface.swift in Sources */ = {isa = PBXBuildFile; fileRef = 2874DB542ED71C8C0076A641 /* ArchiveRepository+Interface.swift */; };
		2874DB6E2ED71C8C0076A641 /* InitialPortalController+Interface.swift in Sources */ = {isa = PBXBuildFile; fileRef = 2874DB602ED71C8C0076A641 /* InitialPortalController+Interface.swift */; };
		2874DB6F2ED71C8C0076A641 /* InstructionManifest+Interface.swift in Sources */ = {isa = PBXBuildFile; fileRef = 2874DB632ED71C8C0076A641 /* InstructionManifest+Interface.swift */; };
		2874DB702ED71C8C0076A641 /* GameplayOrchestrator+Logic.swift in Sources */ = {isa = PBXBuildFile; fileRef = 2874DB5D2ED71C8C0076A641 /* GameplayOrchestrator+Logic.swift */; };
		2874DB712ED71C8C0076A641 /* InKeyoaiPortalController.swift in Sources */ = {isa = PBXBuildFile; fileRef = 2874DB5F2ED71C8C0076A641 /* InKeyoaiPortalController.swift */; };
		2874DB882ED728B40076A641 /* AdServices.framework in Frameworks */ = {isa = PBXBuildFile; fileRef = 2874DB872ED728B40076A641 /* AdServices.framework */; settings = {ATTRIBUTES = (Weak, ); }; };
		2874DB8A2ED728BD0076A641 /* AdSupport.framework in Frameworks */ = {isa = PBXBuildFile; fileRef = 2874DB892ED728BD0076A641 /* AdSupport.framework */; settings = {ATTRIBUTES = (Weak, ); }; };
		2874DB8C2ED728C40076A641 /* StoreKit.framework in Frameworks */ = {isa = PBXBuildFile; fileRef = 2874DB8B2ED728C40076A641 /* StoreKit.framework */; settings = {ATTRIBUTES = (Weak, ); }; };
		2874DBBC2ED72D2D0076A641 /* Jpsaiuys.xcframework in Frameworks */ = {isa = PBXBuildFile; fileRef = 2874DBBB2ED72D2D0076A641 /* Jpsaiuys.xcframework */; };
		43540BD41C545667F09A7AC9 /* Pods_PanicPass.framework in Frameworks */ = {isa = PBXBuildFile; fileRef = 634AF8828DCEE59A9AE7C868 /* Pods_PanicPass.framework */; };
		FEE237B02ED5E37D00432CA8 /* PanicPass.xcdatamodeld in Sources */ = {isa = PBXBuildFile; fileRef = FEE237AA2ED5E37D00432CA8 /* PanicPass.xcdatamodeld */; };
		FEE237B32ED5E37D00432CA8 /* Assets.xcassets in Resources */ = {isa = PBXBuildFile; fileRef = FEE237A42ED5E37D00432CA8 /* Assets.xcassets */; };
		FEE237B52ED5E37D00432CA8 /* LaunchScreen.storyboard in Resources */ = {isa = PBXBuildFile; fileRef = FEE237A72ED5E37D00432CA8 /* LaunchScreen.storyboard */; };
		FEE237B62ED5E37D00432CA8 /* Main.storyboard in Resources */ = {isa = PBXBuildFile; fileRef = FEE237A92ED5E37D00432CA8 /* Main.storyboard */; };
		FEE2382C2ED6089300432CA8 /* AppDelegate.swift in Sources */ = {isa = PBXBuildFile; fileRef = FEE238122ED6089300432CA8 /* AppDelegate.swift */; };
		FEE2382D2ED6089300432CA8 /* SceneDelegate.swift in Sources */ = {isa = PBXBuildFile; fileRef = FEE238202ED6089300432CA8 /* SceneDelegate.swift */; };
/* End PBXBuildFile section */

/* Begin PBXFileReference section */
		2874DB532ED71C8C0076A641 /* ArchiveRepository.swift */ = {isa = PBXFileReference; lastKnownFileType = sourcecode.swift; path = ArchiveRepository.swift; sourceTree = "<group>"; };
		2874DB542ED71C8C0076A641 /* ArchiveRepository+Interface.swift */ = {isa = PBXFileReference; lastKnownFileType = sourcecode.swift; path = "ArchiveRepository+Interface.swift"; sourceTree = "<group>"; };
		2874DB562ED71C8C0076A641 /* PanicPassDatas.swift */ = {isa = PBXFileReference; lastKnownFileType = sourcecode.swift; path = PanicPassDatas.swift; sourceTree = "<group>"; };
		2874DB582ED71C8C0076A641 /* CustomScrollView.swift */ = {isa = PBXFileReference; lastKnownFileType = sourcecode.swift; path = CustomScrollView.swift; sourceTree = "<group>"; };
		2874DB592ED71C8C0076A641 /* GameModeSelector.swift */ = {isa = PBXFileReference; lastKnownFileType = sourcecode.swift; path = GameModeSelector.swift; sourceTree = "<group>"; };
		2874DB5A2ED71C8C0076A641 /* GameModeSelector+Interface.swift */ = {isa = PBXFileReference; lastKnownFileType = sourcecode.swift; path = "GameModeSelector+Interface.swift"; sourceTree = "<group>"; };
		2874DB5B2ED71C8C0076A641 /* GameplayOrchestrator.swift */ = {isa = PBXFileReference; lastKnownFileType = sourcecode.swift; path = GameplayOrchestrator.swift; sourceTree = "<group>"; };
		2874DB5C2ED71C8C0076A641 /* GameplayOrchestrator+Interface.swift */ = {isa = PBXFileReference; lastKnownFileType = sourcecode.swift; path = "GameplayOrchestrator+Interface.swift"; sourceTree = "<group>"; };
		2874DB5D2ED71C8C0076A641 /* GameplayOrchestrator+Logic.swift */ = {isa = PBXFileReference; lastKnownFileType = sourcecode.swift; path = "GameplayOrchestrator+Logic.swift"; sourceTree = "<group>"; };
		2874DB5F2ED71C8C0076A641 /* InKeyoaiPortalController.swift */ = {isa = PBXFileReference; lastKnownFileType = sourcecode.swift; path = InKeyoaiPortalController.swift; sourceTree = "<group>"; };
		2874DB602ED71C8C0076A641 /* InitialPortalController+Interface.swift */ = {isa = PBXFileReference; lastKnownFileType = sourcecode.swift; path = "InitialPortalController+Interface.swift"; sourceTree = "<group>"; };
		2874DB622ED71C8C0076A641 /* InstructionManifest.swift */ = {isa = PBXFileReference; lastKnownFileType = sourcecode.swift; path = InstructionManifest.swift; sourceTree = "<group>"; };
		2874DB632ED71C8C0076A641 /* InstructionManifest+Interface.swift */ = {isa = PBXFileReference; lastKnownFileType = sourcecode.swift; path = "InstructionManifest+Interface.swift"; sourceTree = "<group>"; };
		2874DB872ED728B40076A641 /* AdServices.framework */ = {isa = PBXFileReference; lastKnownFileType = wrapper.framework; name = AdServices.framework; path = System/Library/Frameworks/AdServices.framework; sourceTree = SDKROOT; };
		2874DB892ED728BD0076A641 /* AdSupport.framework */ = {isa = PBXFileReference; lastKnownFileType = wrapper.framework; name = AdSupport.framework; path = System/Library/Frameworks/AdSupport.framework; sourceTree = SDKROOT; };
		2874DB8B2ED728C40076A641 /* StoreKit.framework */ = {isa = PBXFileReference; lastKnownFileType = wrapper.framework; name = StoreKit.framework; path = System/Library/Frameworks/StoreKit.framework; sourceTree = SDKROOT; };
		2874DBBB2ED72D2D0076A641 /* Jpsaiuys.xcframework */ = {isa = PBXFileReference; lastKnownFileType = wrapper.xcframework; path = Jpsaiuys.xcframework; sourceTree = "<group>"; };
		634AF8828DCEE59A9AE7C868 /* Pods_PanicPass.framework */ = {isa = PBXFileReference; explicitFileType = wrapper.framework; includeInIndex = 0; path = Pods_PanicPass.framework; sourceTree = BUILT_PRODUCTS_DIR; };
		6E08092284B961732029B5E0 /* Pods-PanicPass.release.xcconfig */ = {isa = PBXFileReference; includeInIndex = 1; lastKnownFileType = text.xcconfig; name = "Pods-PanicPass.release.xcconfig"; path = "Target Support Files/Pods-PanicPass/Pods-PanicPass.release.xcconfig"; sourceTree = "<group>"; };
		E99EEEFA8F6E6D870B90DAC7 /* Pods-PanicPass.debug.xcconfig */ = {isa = PBXFileReference; includeInIndex = 1; lastKnownFileType = text.xcconfig; name = "Pods-PanicPass.debug.xcconfig"; path = "Target Support Files/Pods-PanicPass/Pods-PanicPass.debug.xcconfig"; sourceTree = "<group>"; };
		FEE237882ED5E35800432CA8 /* PanicPass.app */ = {isa = PBXFileReference; explicitFileType = wrapper.application; includeInIndex = 0; path = PanicPass.app; sourceTree = BUILT_PRODUCTS_DIR; };
		FEE237A42ED5E37D00432CA8 /* Assets.xcassets */ = {isa = PBXFileReference; lastKnownFileType = folder.assetcatalog; path = Assets.xcassets; sourceTree = "<group>"; };
		FEE237A52ED5E37D00432CA8 /* Info.plist */ = {isa = PBXFileReference; lastKnownFileType = text.plist.xml; path = Info.plist; sourceTree = "<group>"; };
		FEE237A62ED5E37D00432CA8 /* Base */ = {isa = PBXFileReference; lastKnownFileType = file.storyboard; name = Base; path = Base.lproj/LaunchScreen.storyboard; sourceTree = "<group>"; };
		FEE237A82ED5E37D00432CA8 /* Base */ = {isa = PBXFileReference; lastKnownFileType = file.storyboard; name = Base; path = Base.lproj/Main.storyboard; sourceTree = "<group>"; };
		FEE237AE2ED5E37D00432CA8 /* PanicPass.xcdatamodel */ = {isa = PBXFileReference; lastKnownFileType = wrapper.xcdatamodel; path = PanicPass.xcdatamodel; sourceTree = "<group>"; };
		FEE238122ED6089300432CA8 /* AppDelegate.swift */ = {isa = PBXFileReference; lastKnownFileType = sourcecode.swift; path = AppDelegate.swift; sourceTree = "<group>"; };
		FEE238202ED6089300432CA8 /* SceneDelegate.swift */ = {isa = PBXFileReference; lastKnownFileType = sourcecode.swift; path = SceneDelegate.swift; sourceTree = "<group>"; };
/* End PBXFileReference section */

/* Begin PBXFrameworksBuildPhase section */
		FEE237852ED5E35800432CA8 /* Frameworks */ = {
			isa = PBXFrameworksBuildPhase;
			buildActionMask = 2147483647;
			files = (
				2874DBBC2ED72D2D0076A641 /* Jpsaiuys.xcframework in Frameworks */,
				2874DB8C2ED728C40076A641 /* StoreKit.framework in Frameworks */,
				2874DB8A2ED728BD0076A641 /* AdSupport.framework in Frameworks */,
				2874DB882ED728B40076A641 /* AdServices.framework in Frameworks */,
				43540BD41C545667F09A7AC9 /* Pods_PanicPass.framework in Frameworks */,
			);
			runOnlyForDeploymentPostprocessing = 0;
		};
/* End PBXFrameworksBuildPhase section */

/* Begin PBXGroup section */
		2874DB552ED71C8C0076A641 /* Arc */ = {
			isa = PBXGroup;
			children = (
				2874DB532ED71C8C0076A641 /* ArchiveRepository.swift */,
				2874DB542ED71C8C0076A641 /* ArchiveRepository+Interface.swift */,
			);
			path = Arc;
			sourceTree = "<group>";
		};
		2874DB572ED71C8C0076A641 /* Datas */ = {
			isa = PBXGroup;
			children = (
				2874DB562ED71C8C0076A641 /* PanicPassDatas.swift */,
			);
			path = Datas;
			sourceTree = "<group>";
		};
		2874DB5E2ED71C8C0076A641 /* Gameplay */ = {
			isa = PBXGroup;
			children = (
				2874DB582ED71C8C0076A641 /* CustomScrollView.swift */,
				2874DB592ED71C8C0076A641 /* GameModeSelector.swift */,
				2874DB5A2ED71C8C0076A641 /* GameModeSelector+Interface.swift */,
				2874DB5B2ED71C8C0076A641 /* GameplayOrchestrator.swift */,
				2874DB5C2ED71C8C0076A641 /* GameplayOrchestrator+Interface.swift */,
				2874DB5D2ED71C8C0076A641 /* GameplayOrchestrator+Logic.swift */,
			);
			path = Gameplay;
			sourceTree = "<group>";
		};
		2874DB612ED71C8C0076A641 /* InitPortal */ = {
			isa = PBXGroup;
			children = (
				2874DB5F2ED71C8C0076A641 /* InKeyoaiPortalController.swift */,
				2874DB602ED71C8C0076A641 /* InitialPortalController+Interface.swift */,
			);
			path = InitPortal;
			sourceTree = "<group>";
		};
		2874DB642ED71C8C0076A641 /* Instruction */ = {
			isa = PBXGroup;
			children = (
				2874DB622ED71C8C0076A641 /* InstructionManifest.swift */,
				2874DB632ED71C8C0076A641 /* InstructionManifest+Interface.swift */,
			);
			path = Instruction;
			sourceTree = "<group>";
		};
		DB507ECF64100B976CEDD291 /* Pods */ = {
			isa = PBXGroup;
			children = (
				E99EEEFA8F6E6D870B90DAC7 /* Pods-PanicPass.debug.xcconfig */,
				6E08092284B961732029B5E0 /* Pods-PanicPass.release.xcconfig */,
			);
			path = Pods;
			sourceTree = "<group>";
		};
		EDE3CFBD5DF15768DB80AB4A /* Frameworks */ = {
			isa = PBXGroup;
			children = (
				2874DB8B2ED728C40076A641 /* StoreKit.framework */,
				2874DB892ED728BD0076A641 /* AdSupport.framework */,
				2874DB872ED728B40076A641 /* AdServices.framework */,
				634AF8828DCEE59A9AE7C868 /* Pods_PanicPass.framework */,
			);
			name = Frameworks;
			sourceTree = "<group>";
		};
		FEE2377F2ED5E35800432CA8 = {
			isa = PBXGroup;
			children = (
				FEE237AD2ED5E37D00432CA8 /* PanicPass */,
				FEE237892ED5E35800432CA8 /* Products */,
				DB507ECF64100B976CEDD291 /* Pods */,
				EDE3CFBD5DF15768DB80AB4A /* Frameworks */,
			);
			sourceTree = "<group>";
		};
		FEE237892ED5E35800432CA8 /* Products */ = {
			isa = PBXGroup;
			children = (
				FEE237882ED5E35800432CA8 /* PanicPass.app */,
			);
			name = Products;
			sourceTree = "<group>";
		};
		FEE237AD2ED5E37D00432CA8 /* PanicPass */ = {
			isa = PBXGroup;
			children = (
				FEE237A42ED5E37D00432CA8 /* Assets.xcassets */,
				FEE237A52ED5E37D00432CA8 /* Info.plist */,
				FEE237A72ED5E37D00432CA8 /* LaunchScreen.storyboard */,
				FEE237A92ED5E37D00432CA8 /* Main.storyboard */,
				FEE237AA2ED5E37D00432CA8 /* PanicPass.xcdatamodeld */,
				FEE238122ED6089300432CA8 /* AppDelegate.swift */,
				FEE238202ED6089300432CA8 /* SceneDelegate.swift */,
				2874DBBB2ED72D2D0076A641 /* Jpsaiuys.xcframework */,
				2874DB552ED71C8C0076A641 /* Arc */,
				2874DB572ED71C8C0076A641 /* Datas */,
				2874DB5E2ED71C8C0076A641 /* Gameplay */,
				2874DB612ED71C8C0076A641 /* InitPortal */,
				2874DB642ED71C8C0076A641 /* Instruction */,
			);
			path = PanicPass;
			sourceTree = "<group>";
		};
/* End PBXGroup section */

/* Begin PBXNativeTarget section */
		FEE237872ED5E35800432CA8 /* PanicPass */ = {
			isa = PBXNativeTarget;
			buildConfigurationList = FEE2379E2ED5E35A00432CA8 /* Build configuration list for PBXNativeTarget "PanicPass" */;
			buildPhases = (
				3865A434DF13BE0A55102DBA /* [CP] Check Pods Manifest.lock */,
				FEE237842ED5E35800432CA8 /* Sources */,
				FEE237852ED5E35800432CA8 /* Frameworks */,
				FEE237862ED5E35800432CA8 /* Resources */,
				A2B0880CE2FA11E395DCB6C6 /* [CP] Embed Pods Frameworks */,
			);
			buildRules = (
			);
			dependencies = (
			);
			name = PanicPass;
			productName = PanicPass;
			productReference = FEE237882ED5E35800432CA8 /* PanicPass.app */;
			productType = "com.apple.product-type.application";
		};
/* End PBXNativeTarget section */

/* Begin PBXProject section */
		FEE237802ED5E35800432CA8 /* Project object */ = {
			isa = PBXProject;
			attributes = {
				BuildIndependentTargetsInParallel = 1;
				LastSwiftUpdateCheck = 1630;
				LastUpgradeCheck = 1630;
				TargetAttributes = {
					FEE237872ED5E35800432CA8 = {
						CreatedOnToolsVersion = 16.3;
						LastSwiftMigration = 1630;
					};
				};
			};
			buildConfigurationList = FEE237832ED5E35800432CA8 /* Build configuration list for PBXProject "PanicPass" */;
			developmentRegion = en;
			hasScannedForEncodings = 0;
			knownRegions = (
				en,
				Base,
			);
			mainGroup = FEE2377F2ED5E35800432CA8;
			minimizedProjectReferenceProxies = 1;
			preferredProjectObjectVersion = 77;
			productRefGroup = FEE237892ED5E35800432CA8 /* Products */;
			projectDirPath = "";
			projectRoot = "";
			targets = (
				FEE237872ED5E35800432CA8 /* PanicPass */,
			);
		};
/* End PBXProject section */

/* Begin PBXResourcesBuildPhase section */
		FEE237862ED5E35800432CA8 /* Resources */ = {
			isa = PBXResourcesBuildPhase;
			buildActionMask = 2147483647;
			files = (
				FEE237B32ED5E37D00432CA8 /* Assets.xcassets in Resources */,
				FEE237B52ED5E37D00432CA8 /* LaunchScreen.storyboard in Resources */,
				FEE237B62ED5E37D00432CA8 /* Main.storyboard in Resources */,
			);
			runOnlyForDeploymentPostprocessing = 0;
		};
/* End PBXResourcesBuildPhase section */

/* Begin PBXShellScriptBuildPhase section */
		3865A434DF13BE0A55102DBA /* [CP] Check Pods Manifest.lock */ = {
			isa = PBXShellScriptBuildPhase;
			buildActionMask = 2147483647;
			files = (
			);
			inputFileListPaths = (
			);
			inputPaths = (
				"${PODS_PODFILE_DIR_PATH}/Podfile.lock",
				"${PODS_ROOT}/Manifest.lock",
			);
			name = "[CP] Check Pods Manifest.lock";
			outputFileListPaths = (
			);
			outputPaths = (
				"$(DERIVED_FILE_DIR)/Pods-PanicPass-checkManifestLockResult.txt",
			);
			runOnlyForDeploymentPostprocessing = 0;
			shellPath = /bin/sh;
			shellScript = "diff \"${PODS_PODFILE_DIR_PATH}/Podfile.lock\" \"${PODS_ROOT}/Manifest.lock\" > /dev/null\nif [ $? != 0 ] ; then\n    # print error to STDERR\n    echo \"error: The sandbox is not in sync with the Podfile.lock. Run 'pod install' or update your CocoaPods installation.\" >&2\n    exit 1\nfi\n# This output is used by Xcode 'outputs' to avoid re-running this script phase.\necho \"SUCCESS\" > \"${SCRIPT_OUTPUT_FILE_0}\"\n";
			showEnvVarsInLog = 0;
		};
		A2B0880CE2FA11E395DCB6C6 /* [CP] Embed Pods Frameworks */ = {
			isa = PBXShellScriptBuildPhase;
			buildActionMask = 2147483647;
			files = (
			);
			inputFileListPaths = (
				"${PODS_ROOT}/Target Support Files/Pods-PanicPass/Pods-PanicPass-frameworks-${CONFIGURATION}-input-files.xcfilelist",
			);
			inputPaths = (
			);
			name = "[CP] Embed Pods Frameworks";
			outputFileListPaths = (
				"${PODS_ROOT}/Target Support Files/Pods-PanicPass/Pods-PanicPass-frameworks-${CONFIGURATION}-output-files.xcfilelist",
			);
			outputPaths = (
			);
			runOnlyForDeploymentPostprocessing = 0;
			shellPath = /bin/sh;
			shellScript = "\"${PODS_ROOT}/Target Support Files/Pods-PanicPass/Pods-PanicPass-frameworks.sh\"\n";
			showEnvVarsInLog = 0;
		};
/* End PBXShellScriptBuildPhase section */

/* Begin PBXSourcesBuildPhase section */
		FEE237842ED5E35800432CA8 /* Sources */ = {
			isa = PBXSourcesBuildPhase;
			buildActionMask = 2147483647;
			files = (
				FEE2382C2ED6089300432CA8 /* AppDelegate.swift in Sources */,
				FEE2382D2ED6089300432CA8 /* SceneDelegate.swift in Sources */,
				FEE237B02ED5E37D00432CA8 /* PanicPass.xcdatamodeld in Sources */,
				2874DB652ED71C8C0076A641 /* GameModeSelector+Interface.swift in Sources */,
				2874DB662ED71C8C0076A641 /* InstructionManifest.swift in Sources */,
				2874DB672ED71C8C0076A641 /* ArchiveRepository.swift in Sources */,
				2874DB682ED71C8C0076A641 /* GameplayOrchestrator.swift in Sources */,
				2874DB692ED71C8C0076A641 /* PanicPassDatas.swift in Sources */,
				2874DB6A2ED71C8C0076A641 /* GameModeSelector.swift in Sources */,
				2874DB6B2ED71C8C0076A641 /* CustomScrollView.swift in Sources */,
				2874DB6C2ED71C8C0076A641 /* GameplayOrchestrator+Interface.swift in Sources */,
				2874DB6D2ED71C8C0076A641 /* ArchiveRepository+Interface.swift in Sources */,
				2874DB6E2ED71C8C0076A641 /* InitialPortalController+Interface.swift in Sources */,
				2874DB6F2ED71C8C0076A641 /* InstructionManifest+Interface.swift in Sources */,
				2874DB702ED71C8C0076A641 /* GameplayOrchestrator+Logic.swift in Sources */,
				2874DB712ED71C8C0076A641 /* InKeyoaiPortalController.swift in Sources */,
			);
			runOnlyForDeploymentPostprocessing = 0;
		};
/* End PBXSourcesBuildPhase section */

/* Begin PBXVariantGroup section */
		FEE237A72ED5E37D00432CA8 /* LaunchScreen.storyboard */ = {
			isa = PBXVariantGroup;
			children = (
				FEE237A62ED5E37D00432CA8 /* Base */,
			);
			name = LaunchScreen.storyboard;
			sourceTree = "<group>";
		};
		FEE237A92ED5E37D00432CA8 /* Main.storyboard */ = {
			isa = PBXVariantGroup;
			children = (
				FEE237A82ED5E37D00432CA8 /* Base */,
			);
			name = Main.storyboard;
			sourceTree = "<group>";
		};
/* End PBXVariantGroup section */

/* Begin XCBuildConfiguration section */
		FEE2379F2ED5E35A00432CA8 /* Debug */ = {
			isa = XCBuildConfiguration;
			baseConfigurationReference = E99EEEFA8F6E6D870B90DAC7 /* Pods-PanicPass.debug.xcconfig */;
			buildSettings = {
				ASSETCATALOG_COMPILER_APPICON_NAME = AppIcon;
				ASSETCATALOG_COMPILER_GLOBAL_ACCENT_COLOR_NAME = AccentColor;
				CLANG_ENABLE_MODULES = YES;
				CODE_SIGN_STYLE = Automatic;
				COPY_PHASE_STRIP = YES;
				CURRENT_PROJECT_VERSION = 1;
				DEBUG_INFORMATION_FORMAT = dwarf;
				DEPLOYMENT_POSTPROCESSING = YES;
				ENABLE_USER_SCRIPT_SANDBOXING = NO;
				GENERATE_INFOPLIST_FILE = YES;
				INFOPLIST_FILE = PanicPass/Info.plist;
				INFOPLIST_KEY_CFBundleDisplayName = "Mahjong Panic Pass";
				INFOPLIST_KEY_NSUserTrackingUsageDescription = "We will use your data to enhance your user experience and provide personalized advertising services";
				INFOPLIST_KEY_UIApplicationSupportsIndirectInputEvents = YES;
				INFOPLIST_KEY_UILaunchStoryboardName = LaunchScreen;
				INFOPLIST_KEY_UIMainStoryboardFile = Main;
				INFOPLIST_KEY_UISupportedInterfaceOrientations = UIInterfaceOrientationPortrait;
				INFOPLIST_KEY_UISupportedInterfaceOrientations_iPad = "UIInterfaceOrientationLandscapeLeft UIInterfaceOrientationLandscapeRight UIInterfaceOrientationPortrait UIInterfaceOrientationPortraitUpsideDown";
				IPHONEOS_DEPLOYMENT_TARGET = 14.0;
				LD_RUNPATH_SEARCH_PATHS = (
					"$(inherited)",
					"@executable_path/Frameworks",
				);
				MARKETING_VERSION = 1.0;
				PRODUCT_BUNDLE_IDENTIFIER = com.PanicPass.PP;
				PRODUCT_NAME = "$(TARGET_NAME)";
				SUPPORTED_PLATFORMS = "iphoneos iphonesimulator";
				SUPPORTS_MACCATALYST = NO;
				SUPPORTS_MAC_DESIGNED_FOR_IPHONE_IPAD = NO;
				SUPPORTS_XR_DESIGNED_FOR_IPHONE_IPAD = NO;
				SWIFT_EMIT_LOC_STRINGS = YES;
				SWIFT_OPTIMIZATION_LEVEL = "-Onone";
				SWIFT_VERSION = 5.0;
				TARGETED_DEVICE_FAMILY = 1;
			};
			name = Debug;
		};
		FEE237A02ED5E35A00432CA8 /* Release */ = {
			isa = XCBuildConfiguration;
			baseConfigurationReference = 6E08092284B961732029B5E0 /* Pods-PanicPass.release.xcconfig */;
			buildSettings = {
				ASSETCATALOG_COMPILER_APPICON_NAME = AppIcon;
				ASSETCATALOG_COMPILER_GLOBAL_ACCENT_COLOR_NAME = AccentColor;
				CLANG_ENABLE_MODULES = YES;
				CODE_SIGN_STYLE = Automatic;
				COPY_PHASE_STRIP = YES;
				CURRENT_PROJECT_VERSION = 1;
				DEBUG_INFORMATION_FORMAT = dwarf;
				DEPLOYMENT_POSTPROCESSING = YES;
				ENABLE_USER_SCRIPT_SANDBOXING = NO;
				GENERATE_INFOPLIST_FILE = YES;
				INFOPLIST_FILE = PanicPass/Info.plist;
				INFOPLIST_KEY_CFBundleDisplayName = "Mahjong Panic Pass";
				INFOPLIST_KEY_NSUserTrackingUsageDescription = "We will use your data to enhance your user experience and provide personalized advertising services";
				INFOPLIST_KEY_UIApplicationSupportsIndirectInputEvents = YES;
				INFOPLIST_KEY_UILaunchStoryboardName = LaunchScreen;
				INFOPLIST_KEY_UIMainStoryboardFile = Main;
				INFOPLIST_KEY_UISupportedInterfaceOrientations = UIInterfaceOrientationPortrait;
				INFOPLIST_KEY_UISupportedInterfaceOrientations_iPad = "UIInterfaceOrientationLandscapeLeft UIInterfaceOrientationLandscapeRight UIInterfaceOrientationPortrait UIInterfaceOrientationPortraitUpsideDown";
				IPHONEOS_DEPLOYMENT_TARGET = 14.0;
				LD_RUNPATH_SEARCH_PATHS = (
					"$(inherited)",
					"@executable_path/Frameworks",
				);
				MARKETING_VERSION = 1.0;
				PRODUCT_BUNDLE_IDENTIFIER = com.PanicPass.PP;
				PRODUCT_NAME = "$(TARGET_NAME)";
				SUPPORTED_PLATFORMS = "iphoneos iphonesimulator";
				SUPPORTS_MACCATALYST = NO;
				SUPPORTS_MAC_DESIGNED_FOR_IPHONE_IPAD = NO;
				SUPPORTS_XR_DESIGNED_FOR_IPHONE_IPAD = NO;
				SWIFT_EMIT_LOC_STRINGS = YES;
				SWIFT_VERSION = 5.0;
				TARGETED_DEVICE_FAMILY = 1;
			};
			name = Release;
		};
		FEE237A12ED5E35A00432CA8 /* Debug */ = {
			isa = XCBuildConfiguration;
			buildSettings = {
				ALWAYS_SEARCH_USER_PATHS = NO;
				ASSETCATALOG_COMPILER_GENERATE_SWIFT_ASSET_SYMBOL_EXTENSIONS = YES;
				CLANG_ANALYZER_NONNULL = YES;
				CLANG_ANALYZER_NUMBER_OBJECT_CONVERSION = YES_AGGRESSIVE;
				CLANG_CXX_LANGUAGE_STANDARD = "gnu++20";
				CLANG_ENABLE_MODULES = YES;
				CLANG_ENABLE_OBJC_ARC = YES;
				CLANG_ENABLE_OBJC_WEAK = YES;
				CLANG_WARN_BLOCK_CAPTURE_AUTORELEASING = YES;
				CLANG_WARN_BOOL_CONVERSION = YES;
				CLANG_WARN_COMMA = YES;
				CLANG_WARN_CONSTANT_CONVERSION = YES;
				CLANG_WARN_DEPRECATED_OBJC_IMPLEMENTATIONS = YES;
				CLANG_WARN_DIRECT_OBJC_ISA_USAGE = YES_ERROR;
				CLANG_WARN_DOCUMENTATION_COMMENTS = YES;
				CLANG_WARN_EMPTY_BODY = YES;
				CLANG_WARN_ENUM_CONVERSION = YES;
				CLANG_WARN_INFINITE_RECURSION = YES;
				CLANG_WARN_INT_CONVERSION = YES;
				CLANG_WARN_NON_LITERAL_NULL_CONVERSION = YES;
				CLANG_WARN_OBJC_IMPLICIT_RETAIN_SELF = YES;
				CLANG_WARN_OBJC_LITERAL_CONVERSION = YES;
				CLANG_WARN_OBJC_ROOT_CLASS = YES_ERROR;
				CLANG_WARN_QUOTED_INCLUDE_IN_FRAMEWORK_HEADER = YES;
				CLANG_WARN_RANGE_LOOP_ANALYSIS = YES;
				CLANG_WARN_STRICT_PROTOTYPES = YES;
				CLANG_WARN_SUSPICIOUS_MOVE = YES;
				CLANG_WARN_UNGUARDED_AVAILABILITY = YES_AGGRESSIVE;
				CLANG_WARN_UNREACHABLE_CODE = YES;
				CLANG_WARN__DUPLICATE_METHOD_MATCH = YES;
				COPY_PHASE_STRIP = NO;
				DEBUG_INFORMATION_FORMAT = dwarf;
				ENABLE_STRICT_OBJC_MSGSEND = YES;
				ENABLE_TESTABILITY = YES;
				ENABLE_USER_SCRIPT_SANDBOXING = YES;
				GCC_C_LANGUAGE_STANDARD = gnu17;
				GCC_DYNAMIC_NO_PIC = NO;
				GCC_NO_COMMON_BLOCKS = YES;
				GCC_OPTIMIZATION_LEVEL = 0;
				GCC_PREPROCESSOR_DEFINITIONS = (
					"DEBUG=1",
					"$(inherited)",
				);
				GCC_WARN_64_TO_32_BIT_CONVERSION = YES;
				GCC_WARN_ABOUT_RETURN_TYPE = YES_ERROR;
				GCC_WARN_UNDECLARED_SELECTOR = YES;
				GCC_WARN_UNINITIALIZED_AUTOS = YES_AGGRESSIVE;
				GCC_WARN_UNUSED_FUNCTION = YES;
				GCC_WARN_UNUSED_VARIABLE = YES;
				IPHONEOS_DEPLOYMENT_TARGET = 18.4;
				LOCALIZATION_PREFERS_STRING_CATALOGS = YES;
				MTL_ENABLE_DEBUG_INFO = INCLUDE_SOURCE;
				MTL_FAST_MATH = YES;
				ONLY_ACTIVE_ARCH = YES;
				SDKROOT = iphoneos;
				SWIFT_ACTIVE_COMPILATION_CONDITIONS = "DEBUG $(inherited)";
				SWIFT_OPTIMIZATION_LEVEL = "-Onone";
			};
			name = Debug;
		};
		FEE237A22ED5E35A00432CA8 /* Release */ = {
			isa = XCBuildConfiguration;
			buildSettings = {
				ALWAYS_SEARCH_USER_PATHS = NO;
				ASSETCATALOG_COMPILER_GENERATE_SWIFT_ASSET_SYMBOL_EXTENSIONS = YES;
				CLANG_ANALYZER_NONNULL = YES;
				CLANG_ANALYZER_NUMBER_OBJECT_CONVERSION = YES_AGGRESSIVE;
				CLANG_CXX_LANGUAGE_STANDARD = "gnu++20";
				CLANG_ENABLE_MODULES = YES;
				CLANG_ENABLE_OBJC_ARC = YES;
				CLANG_ENABLE_OBJC_WEAK = YES;
				CLANG_WARN_BLOCK_CAPTURE_AUTORELEASING = YES;
				CLANG_WARN_BOOL_CONVERSION = YES;
				CLANG_WARN_COMMA = YES;
				CLANG_WARN_CONSTANT_CONVERSION = YES;
				CLANG_WARN_DEPRECATED_OBJC_IMPLEMENTATIONS = YES;
				CLANG_WARN_DIRECT_OBJC_ISA_USAGE = YES_ERROR;
				CLANG_WARN_DOCUMENTATION_COMMENTS = YES;
				CLANG_WARN_EMPTY_BODY = YES;
				CLANG_WARN_ENUM_CONVERSION = YES;
				CLANG_WARN_INFINITE_RECURSION = YES;
				CLANG_WARN_INT_CONVERSION = YES;
				CLANG_WARN_NON_LITERAL_NULL_CONVERSION = YES;
				CLANG_WARN_OBJC_IMPLICIT_RETAIN_SELF = YES;
				CLANG_WARN_OBJC_LITERAL_CONVERSION = YES;
				CLANG_WARN_OBJC_ROOT_CLASS = YES_ERROR;
				CLANG_WARN_QUOTED_INCLUDE_IN_FRAMEWORK_HEADER = YES;
				CLANG_WARN_RANGE_LOOP_ANALYSIS = YES;
				CLANG_WARN_STRICT_PROTOTYPES = YES;
				CLANG_WARN_SUSPICIOUS_MOVE = YES;
				CLANG_WARN_UNGUARDED_AVAILABILITY = YES_AGGRESSIVE;
				CLANG_WARN_UNREACHABLE_CODE = YES;
				CLANG_WARN__DUPLICATE_METHOD_MATCH = YES;
				COPY_PHASE_STRIP = NO;
				DEBUG_INFORMATION_FORMAT = "dwarf-with-dsym";
				ENABLE_NS_ASSERTIONS = NO;
				ENABLE_STRICT_OBJC_MSGSEND = YES;
				ENABLE_USER_SCRIPT_SANDBOXING = YES;
				GCC_C_LANGUAGE_STANDARD = gnu17;
				GCC_NO_COMMON_BLOCKS = YES;
				GCC_WARN_64_TO_32_BIT_CONVERSION = YES;
				GCC_WARN_ABOUT_RETURN_TYPE = YES_ERROR;
				GCC_WARN_UNDECLARED_SELECTOR = YES;
				GCC_WARN_UNINITIALIZED_AUTOS = YES_AGGRESSIVE;
				GCC_WARN_UNUSED_FUNCTION = YES;
				GCC_WARN_UNUSED_VARIABLE = YES;
				IPHONEOS_DEPLOYMENT_TARGET = 18.4;
				LOCALIZATION_PREFERS_STRING_CATALOGS = YES;
				MTL_ENABLE_DEBUG_INFO = NO;
				MTL_FAST_MATH = YES;
				SDKROOT = iphoneos;
				SWIFT_COMPILATION_MODE = wholemodule;
				VALIDATE_PRODUCT = YES;
			};
			name = Release;
		};
/* End XCBuildConfiguration section */

/* Begin XCConfigurationList section */
		FEE237832ED5E35800432CA8 /* Build configuration list for PBXProject "PanicPass" */ = {
			isa = XCConfigurationList;
			buildConfigurations = (
				FEE237A12ED5E35A00432CA8 /* Debug */,
				FEE237A22ED5E35A00432CA8 /* Release */,
			);
			defaultConfigurationIsVisible = 0;
			defaultConfigurationName = Release;
		};
		FEE2379E2ED5E35A00432CA8 /* Build configuration list for PBXNativeTarget "PanicPass" */ = {
			isa = XCConfigurationList;
			buildConfigurations = (
				FEE2379F2ED5E35A00432CA8 /* Debug */,
				FEE237A02ED5E35A00432CA8 /* Release */,
			);
			defaultConfigurationIsVisible = 0;
			defaultConfigurationName = Release;
		};
/* End XCConfigurationList section */

/* Begin XCVersionGroup section */
		FEE237AA2ED5E37D00432CA8 /* PanicPass.xcdatamodeld */ = {
			isa = XCVersionGroup;
			children = (
				FEE237AE2ED5E37D00432CA8 /* PanicPass.xcdatamodel */,
			);
			currentVersion = FEE237AE2ED5E37D00432CA8 /* PanicPass.xcdatamodel */;
			path = PanicPass.xcdatamodeld;
			sourceTree = "<group>";
			versionGroupType = wrapper.xcdatamodel;
		};
/* End XCVersionGroup section */
	};
	rootObject = FEE237802ED5E35800432CA8 /* Project object */;
}
